lockfileVersion: '6.0'

settings:
  autoInstallPeers: true
  excludeLinksFromLockfile: false

dependencies:
  '@tweenjs/tween.js':
    specifier: ^23.1.1
    version: 23.1.1
  three:
    specifier: ^0.163.0
    version: 0.163.0

packages:

  /@tweenjs/tween.js@23.1.1:
    resolution: {integrity: sha512-ZpboH7pCPPeyBWKf8c7TJswtCEQObFo3bOBYalm99NzZarATALYCo5OhbCa/n4RQyJyHfhkdx+hNrdL5ByFYDw==}
    dev: false

  /three@0.163.0:
    resolution: {integrity: sha512-HlMgCb2TF/dTLRtknBnjUTsR8FsDqBY43itYop2+Zg822I+Kd0Ua2vs8CvfBVefXkBdNDrLMoRTGCIIpfCuDew==}
    dev: false
